// !$*UTF8*$!
{
	archiveVersion = 1;
	classes = {
	};
	objectVersion = 56;
	objects = {

/* Begin PBXBuildFile section */
		2B65E42D2ACBEDBF00B74A61 /* Words.swift in Sources */ = {isa = PBXBuildFile; fileRef = 2B65E42C2ACBEDBF00B74A61 /* Words.swift */; };
		2B65E4362ACC2B7600B74A61 /* CET-4 in Resources */ = {isa = PBXBuildFile; fileRef = 2B65E4352ACC2B7600B74A61 /* CET-4 */; };
		2BA48ABC2ACC54A700C5B023 /* CET-zheng in Resources */ = {isa = PBXBuildFile; fileRef = 2BA48ABB2ACC54A700C5B023 /* CET-zheng */; };
		2BA48ABE2ACD210A00C5B023 /* MenuBar.swift in Sources */ = {isa = PBXBuildFile; fileRef = 2BA48ABD2ACD210A00C5B023 /* MenuBar.swift */; };
		2BFDC3972ACB04700063EFE4 /* study_wordApp.swift in Sources */ = {isa = PBXBuildFile; fileRef = 2BFDC3962ACB04700063EFE4 /* study_wordApp.swift */; };
		2BFDC3992ACB04700063EFE4 /* ContentView.swift in Sources */ = {isa = PBXBuildFile; fileRef = 2BFDC3982ACB04700063EFE4 /* ContentView.swift */; };
		2BFDC39B2ACB04710063EFE4 /* Assets.xcassets in Resources */ = {isa = PBXBuildFile; fileRef = 2BFDC39A2ACB04710063EFE4 /* Assets.xcassets */; };
		2BFDC39E2ACB04710063EFE4 /* Preview Assets.xcassets in Resources */ = {isa = PBXBuildFile; fileRef = 2BFDC39D2ACB04710063EFE4 /* Preview Assets.xcassets */; };
		2BFDC3A72ACB065A0063EFE4 /* store.swift in Sources */ = {isa = PBXBuildFile; fileRef = 2BFDC3A62ACB065A0063EFE4 /* store.swift */; };
		2BFDC3A92ACB06CE0063EFE4 /* LoginView.swift in Sources */ = {isa = PBXBuildFile; fileRef = 2BFDC3A82ACB06CE0063EFE4 /* LoginView.swift */; };
		2BFDC3AB2ACB07E70063EFE4 /* MainView.swift in Sources */ = {isa = PBXBuildFile; fileRef = 2BFDC3AA2ACB07E70063EFE4 /* MainView.swift */; };
		2BFDC3AD2ACB09D20063EFE4 /* SideBarView.swift in Sources */ = {isa = PBXBuildFile; fileRef = 2BFDC3AC2ACB09D20063EFE4 /* SideBarView.swift */; };
		2BFDC3AF2ACB0A2A0063EFE4 /* Conversation.swift in Sources */ = {isa = PBXBuildFile; fileRef = 2BFDC3AE2ACB0A2A0063EFE4 /* Conversation.swift */; };
/* End PBXBuildFile section */

/* Begin PBXFileReference section */
		2B65E42C2ACBEDBF00B74A61 /* Words.swift */ = {isa = PBXFileReference; lastKnownFileType = sourcecode.swift; path = Words.swift; sourceTree = "<group>"; };
		2B65E4352ACC2B7600B74A61 /* CET-4 */ = {isa = PBXFileReference; lastKnownFileType = text; path = "CET-4"; sourceTree = "<group>"; };
		2BA48ABB2ACC54A700C5B023 /* CET-zheng */ = {isa = PBXFileReference; lastKnownFileType = text; path = "CET-zheng"; sourceTree = "<group>"; };
		2BA48ABD2ACD210A00C5B023 /* MenuBar.swift */ = {isa = PBXFileReference; lastKnownFileType = sourcecode.swift; path = MenuBar.swift; sourceTree = "<group>"; };
		2BFDC3932ACB04700063EFE4 /* study_word.app */ = {isa = PBXFileReference; explicitFileType = wrapper.application; includeInIndex = 0; path = study_word.app; sourceTree = BUILT_PRODUCTS_DIR; };
		2BFDC3962ACB04700063EFE4 /* study_wordApp.swift */ = {isa = PBXFileReference; lastKnownFileType = sourcecode.swift; path = study_wordApp.swift; sourceTree = "<group>"; };
		2BFDC3982ACB04700063EFE4 /* ContentView.swift */ = {isa = PBXFileReference; lastKnownFileType = sourcecode.swift; path = ContentView.swift; sourceTree = "<group>"; };
		2BFDC39A2ACB04710063EFE4 /* Assets.xcassets */ = {isa = PBXFileReference; lastKnownFileType = folder.assetcatalog; path = Assets.xcassets; sourceTree = "<group>"; };
		2BFDC39D2ACB04710063EFE4 /* Preview Assets.xcassets */ = {isa = PBXFileReference; lastKnownFileType = folder.assetcatalog; path = "Preview Assets.xcassets"; sourceTree = "<group>"; };
		2BFDC39F2ACB04710063EFE4 /* study_word.entitlements */ = {isa = PBXFileReference; lastKnownFileType = text.plist.entitlements; path = study_word.entitlements; sourceTree = "<group>"; };
		2BFDC3A62ACB065A0063EFE4 /* store.swift */ = {isa = PBXFileReference; lastKnownFileType = sourcecode.swift; path = store.swift; sourceTree = "<group>"; };
		2BFDC3A82ACB06CE0063EFE4 /* LoginView.swift */ = {isa = PBXFileReference; lastKnownFileType = sourcecode.swift; path = LoginView.swift; sourceTree = "<group>"; };
		2BFDC3AA2ACB07E70063EFE4 /* MainView.swift */ = {isa = PBXFileReference; lastKnownFileType = sourcecode.swift; path = MainView.swift; sourceTree = "<group>"; };
		2BFDC3AC2ACB09D20063EFE4 /* SideBarView.swift */ = {isa = PBXFileReference; lastKnownFileType = sourcecode.swift; path = SideBarView.swift; sourceTree = "<group>"; };
		2BFDC3AE2ACB0A2A0063EFE4 /* Conversation.swift */ = {isa = PBXFileReference; lastKnownFileType = sourcecode.swift; path = Conversation.swift; sourceTree = "<group>"; };
/* End PBXFileReference section */

/* Begin PBXFrameworksBuildPhase section */
		2BFDC3902ACB04700063EFE4 /* Frameworks */ = {
			isa = PBXFrameworksBuildPhase;
			buildActionMask = 2147483647;
			files = (
			);
			runOnlyForDeploymentPostprocessing = 0;
		};
/* End PBXFrameworksBuildPhase section */

/* Begin PBXGroup section */
		2B65E4322ACC257800B74A61 /* Resources */ = {
			isa = PBXGroup;
			children = (
				2B65E4352ACC2B7600B74A61 /* CET-4 */,
				2BA48ABB2ACC54A700C5B023 /* CET-zheng */,
			);
			path = Resources;
			sourceTree = "<group>";
		};
		2BFDC38A2ACB04700063EFE4 = {
			isa = PBXGroup;
			children = (
				2BFDC3952ACB04700063EFE4 /* study_word */,
				2BFDC3942ACB04700063EFE4 /* Products */,
			);
			sourceTree = "<group>";
		};
		2BFDC3942ACB04700063EFE4 /* Products */ = {
			isa = PBXGroup;
			children = (
				2BFDC3932ACB04700063EFE4 /* study_word.app */,
			);
			name = Products;
			sourceTree = "<group>";
		};
		2BFDC3952ACB04700063EFE4 /* study_word */ = {
			isa = PBXGroup;
			children = (
				2B65E4322ACC257800B74A61 /* Resources */,
				2BFDC3B02ACB16640063EFE4 /* View */,
				2BFDC3A52ACB063B0063EFE4 /* Models */,
				2BFDC3962ACB04700063EFE4 /* study_wordApp.swift */,
				2BFDC3982ACB04700063EFE4 /* ContentView.swift */,
				2BFDC39A2ACB04710063EFE4 /* Assets.xcassets */,
				2BFDC39F2ACB04710063EFE4 /* study_word.entitlements */,
				2BFDC39C2ACB04710063EFE4 /* Preview Content */,
			);
			path = study_word;
			sourceTree = "<group>";
		};
		2BFDC39C2ACB04710063EFE4 /* Preview Content */ = {
			isa = PBXGroup;
			children = (
				2BFDC39D2ACB04710063EFE4 /* Preview Assets.xcassets */,
			);
			path = "Preview Content";
			sourceTree = "<group>";
		};
		2BFDC3A52ACB063B0063EFE4 /* Models */ = {
			isa = PBXGroup;
			children = (
				2BFDC3AE2ACB0A2A0063EFE4 /* Conversation.swift */,
				2BFDC3A62ACB065A0063EFE4 /* store.swift */,
				2B65E42C2ACBEDBF00B74A61 /* Words.swift */,
			);
			path = Models;
			sourceTree = "<group>";
		};
		2BFDC3B02ACB16640063EFE4 /* View */ = {
			isa = PBXGroup;
			children = (
				2BFDC3A82ACB06CE0063EFE4 /* LoginView.swift */,
				2BFDC3AA2ACB07E70063EFE4 /* MainView.swift */,
				2BFDC3AC2ACB09D20063EFE4 /* SideBarView.swift */,
				2BA48ABD2ACD210A00C5B023 /* MenuBar.swift */,
			);
			path = View;
			sourceTree = "<group>";
		};
/* End PBXGroup section */

/* Begin PBXNativeTarget section */
		2BFDC3922ACB04700063EFE4 /* study_word */ = {
			isa = PBXNativeTarget;
			buildConfigurationList = 2BFDC3A22ACB04710063EFE4 /* Build configuration list for PBXNativeTarget "study_word" */;
			buildPhases = (
				2BFDC38F2ACB04700063EFE4 /* Sources */,
				2BFDC3902ACB04700063EFE4 /* Frameworks */,
				2BFDC3912ACB04700063EFE4 /* Resources */,
			);
			buildRules = (
			);
			dependencies = (
			);
			name = study_word;
			productName = study_word;
			productReference = 2BFDC3932ACB04700063EFE4 /* study_word.app */;
			productType = "com.apple.product-type.application";
		};
/* End PBXNativeTarget section */

/* Begin PBXProject section */
		2BFDC38B2ACB04700063EFE4 /* Project object */ = {
			isa = PBXProject;
			attributes = {
				BuildIndependentTargetsInParallel = 1;
				LastSwiftUpdateCheck = 1420;
				LastUpgradeCheck = 1420;
				TargetAttributes = {
					2BFDC3922ACB04700063EFE4 = {
						CreatedOnToolsVersion = 14.2;
					};
				};
			};
			buildConfigurationList = 2BFDC38E2ACB04700063EFE4 /* Build configuration list for PBXProject "study_word" */;
			compatibilityVersion = "Xcode 14.0";
			developmentRegion = en;
			hasScannedForEncodings = 0;
			knownRegions = (
				en,
				Base,
				"zh-HK",
				"zh-Hans",
			);
			mainGroup = 2BFDC38A2ACB04700063EFE4;
			productRefGroup = 2BFDC3942ACB04700063EFE4 /* Products */;
			projectDirPath = "";
			projectRoot = "";
			targets = (
				2BFDC3922ACB04700063EFE4 /* study_word */,
			);
		};
/* End PBXProject section */

/* Begin PBXResourcesBuildPhase section */
		2BFDC3912ACB04700063EFE4 /* Resources */ = {
			isa = PBXResourcesBuildPhase;
			buildActionMask = 2147483647;
			files = (
				2B65E4362ACC2B7600B74A61 /* CET-4 in Resources */,
				2BFDC39E2ACB04710063EFE4 /* Preview Assets.xcassets in Resources */,
				2BA48ABC2ACC54A700C5B023 /* CET-zheng in Resources */,
				2BFDC39B2ACB04710063EFE4 /* Assets.xcassets in Resources */,
			);
			runOnlyForDeploymentPostprocessing = 0;
		};
/* End PBXResourcesBuildPhase section */

/* Begin PBXSourcesBuildPhase section */
		2BFDC38F2ACB04700063EFE4 /* Sources */ = {
			isa = PBXSourcesBuildPhase;
			buildActionMask = 2147483647;
			files = (
				2BFDC3A72ACB065A0063EFE4 /* store.swift in Sources */,
				2BFDC3992ACB04700063EFE4 /* ContentView.swift in Sources */,
				2BFDC3A92ACB06CE0063EFE4 /* LoginView.swift in Sources */,
				2BFDC3AD2ACB09D20063EFE4 /* SideBarView.swift in Sources */,
				2BFDC3AF2ACB0A2A0063EFE4 /* Conversation.swift in Sources */,
				2BA48ABE2ACD210A00C5B023 /* MenuBar.swift in Sources */,
				2B65E42D2ACBEDBF00B74A61 /* Words.swift in Sources */,
				2BFDC3AB2ACB07E70063EFE4 /* MainView.swift in Sources */,
				2BFDC3972ACB04700063EFE4 /* study_wordApp.swift in Sources */,
			);
			runOnlyForDeploymentPostprocessing = 0;
		};
/* End PBXSourcesBuildPhase section */

/* Begin XCBuildConfiguration section */
		2BFDC3A02ACB04710063EFE4 /* Debug */ = {
			isa = XCBuildConfiguration;
			buildSettings = {
				ALWAYS_SEARCH_USER_PATHS = NO;
				CLANG_ANALYZER_NONNULL = YES;
				CLANG_ANALYZER_NUMBER_OBJECT_CONVERSION = YES_AGGRESSIVE;
				CLANG_CXX_LANGUAGE_STANDARD = "gnu++20";
				CLANG_ENABLE_MODULES = YES;
				CLANG_ENABLE_OBJC_ARC = YES;
				CLANG_ENABLE_OBJC_WEAK = YES;
				CLANG_WARN_BLOCK_CAPTURE_AUTORELEASING = YES;
				CLANG_WARN_BOOL_CONVERSION = YES;
				CLANG_WARN_COMMA = YES;
				CLANG_WARN_CONSTANT_CONVERSION = YES;
				CLANG_WARN_DEPRECATED_OBJC_IMPLEMENTATIONS = YES;
				CLANG_WARN_DIRECT_OBJC_ISA_USAGE = YES_ERROR;
				CLANG_WARN_DOCUMENTATION_COMMENTS = YES;
				CLANG_WARN_EMPTY_BODY = YES;
				CLANG_WARN_ENUM_CONVERSION = YES;
				CLANG_WARN_INFINITE_RECURSION = YES;
				CLANG_WARN_INT_CONVERSION = YES;
				CLANG_WARN_NON_LITERAL_NULL_CONVERSION = YES;
				CLANG_WARN_OBJC_IMPLICIT_RETAIN_SELF = YES;
				CLANG_WARN_OBJC_LITERAL_CONVERSION = YES;
				CLANG_WARN_OBJC_ROOT_CLASS = YES_ERROR;
				CLANG_WARN_QUOTED_INCLUDE_IN_FRAMEWORK_HEADER = YES;
				CLANG_WARN_RANGE_LOOP_ANALYSIS = YES;
				CLANG_WARN_STRICT_PROTOTYPES = YES;
				CLANG_WARN_SUSPICIOUS_MOVE = YES;
				CLANG_WARN_UNGUARDED_AVAILABILITY = YES_AGGRESSIVE;
				CLANG_WARN_UNREACHABLE_CODE = YES;
				CLANG_WARN__DUPLICATE_METHOD_MATCH = YES;
				COPY_PHASE_STRIP = NO;
				DEBUG_INFORMATION_FORMAT = dwarf;
				ENABLE_STRICT_OBJC_MSGSEND = YES;
				ENABLE_TESTABILITY = YES;
				GCC_C_LANGUAGE_STANDARD = gnu11;
				GCC_DYNAMIC_NO_PIC = NO;
				GCC_NO_COMMON_BLOCKS = YES;
				GCC_OPTIMIZATION_LEVEL = 0;
				GCC_PREPROCESSOR_DEFINITIONS = (
					"DEBUG=1",
					"$(inherited)",
				);
				GCC_WARN_64_TO_32_BIT_CONVERSION = YES;
				GCC_WARN_ABOUT_RETURN_TYPE = YES_ERROR;
				GCC_WARN_UNDECLARED_SELECTOR = YES;
				GCC_WARN_UNINITIALIZED_AUTOS = YES_AGGRESSIVE;
				GCC_WARN_UNUSED_FUNCTION = YES;
				GCC_WARN_UNUSED_VARIABLE = YES;
				MACOSX_DEPLOYMENT_TARGET = 14.0;
				MTL_ENABLE_DEBUG_INFO = INCLUDE_SOURCE;
				MTL_FAST_MATH = YES;
				ONLY_ACTIVE_ARCH = YES;
				SDKROOT = macosx;
				SWIFT_ACTIVE_COMPILATION_CONDITIONS = DEBUG;
				SWIFT_OPTIMIZATION_LEVEL = "-Onone";
			};
			name = Debug;
		};
		2BFDC3A12ACB04710063EFE4 /* Release */ = {
			isa = XCBuildConfiguration;
			buildSettings = {
				ALWAYS_SEARCH_USER_PATHS = NO;
				CLANG_ANALYZER_NONNULL = YES;
				CLANG_ANALYZER_NUMBER_OBJECT_CONVERSION = YES_AGGRESSIVE;
				CLANG_CXX_LANGUAGE_STANDARD = "gnu++20";
				CLANG_ENABLE_MODULES = YES;
				CLANG_ENABLE_OBJC_ARC = YES;
				CLANG_ENABLE_OBJC_WEAK = YES;
				CLANG_WARN_BLOCK_CAPTURE_AUTORELEASING = YES;
				CLANG_WARN_BOOL_CONVERSION = YES;
				CLANG_WARN_COMMA = YES;
				CLANG_WARN_CONSTANT_CONVERSION = YES;
				CLANG_WARN_DEPRECATED_OBJC_IMPLEMENTATIONS = YES;
				CLANG_WARN_DIRECT_OBJC_ISA_USAGE = YES_ERROR;
				CLANG_WARN_DOCUMENTATION_COMMENTS = YES;
				CLANG_WARN_EMPTY_BODY = YES;
				CLANG_WARN_ENUM_CONVERSION = YES;
				CLANG_WARN_INFINITE_RECURSION = YES;
				CLANG_WARN_INT_CONVERSION = YES;
				CLANG_WARN_NON_LITERAL_NULL_CONVERSION = YES;
				CLANG_WARN_OBJC_IMPLICIT_RETAIN_SELF = YES;
				CLANG_WARN_OBJC_LITERAL_CONVERSION = YES;
				CLANG_WARN_OBJC_ROOT_CLASS = YES_ERROR;
				CLANG_WARN_QUOTED_INCLUDE_IN_FRAMEWORK_HEADER = YES;
				CLANG_WARN_RANGE_LOOP_ANALYSIS = YES;
				CLANG_WARN_STRICT_PROTOTYPES = YES;
				CLANG_WARN_SUSPICIOUS_MOVE = YES;
				CLANG_WARN_UNGUARDED_AVAILABILITY = YES_AGGRESSIVE;
				CLANG_WARN_UNREACHABLE_CODE = YES;
				CLANG_WARN__DUPLICATE_METHOD_MATCH = YES;
				COPY_PHASE_STRIP = NO;
				DEBUG_INFORMATION_FORMAT = "dwarf-with-dsym";
				ENABLE_NS_ASSERTIONS = NO;
				ENABLE_STRICT_OBJC_MSGSEND = YES;
				GCC_C_LANGUAGE_STANDARD = gnu11;
				GCC_NO_COMMON_BLOCKS = YES;
				GCC_WARN_64_TO_32_BIT_CONVERSION = YES;
				GCC_WARN_ABOUT_RETURN_TYPE = YES_ERROR;
				GCC_WARN_UNDECLARED_SELECTOR = YES;
				GCC_WARN_UNINITIALIZED_AUTOS = YES_AGGRESSIVE;
				GCC_WARN_UNUSED_FUNCTION = YES;
				GCC_WARN_UNUSED_VARIABLE = YES;
				MACOSX_DEPLOYMENT_TARGET = 14.0;
				MTL_ENABLE_DEBUG_INFO = NO;
				MTL_FAST_MATH = YES;
				SDKROOT = macosx;
				SWIFT_COMPILATION_MODE = wholemodule;
				SWIFT_OPTIMIZATION_LEVEL = "-O";
			};
			name = Release;
		};
		2BFDC3A32ACB04710063EFE4 /* Debug */ = {
			isa = XCBuildConfiguration;
			buildSettings = {
				ASSETCATALOG_COMPILER_APPICON_NAME = AppIcon;
				ASSETCATALOG_COMPILER_GLOBAL_ACCENT_COLOR_NAME = AccentColor;
				CODE_SIGN_ENTITLEMENTS = study_word/study_word.entitlements;
				CODE_SIGN_STYLE = Automatic;
				COMBINE_HIDPI_IMAGES = YES;
				CURRENT_PROJECT_VERSION = 1;
				DEVELOPMENT_ASSET_PATHS = "\"study_word/Preview Content\"";
				ENABLE_PREVIEWS = YES;
				GENERATE_INFOPLIST_FILE = YES;
				INFOPLIST_KEY_NSHumanReadableCopyright = "";
				LD_RUNPATH_SEARCH_PATHS = (
					"$(inherited)",
					"@executable_path/../Frameworks",
				);
				MACOSX_DEPLOYMENT_TARGET = 14.0;
				MARKETING_VERSION = 1.0;
				PRODUCT_BUNDLE_IDENTIFIER = "CheerJia.study-word";
				PRODUCT_NAME = "$(TARGET_NAME)";
				SWIFT_EMIT_LOC_STRINGS = YES;
				SWIFT_VERSION = 5.0;
			};
			name = Debug;
		};
		2BFDC3A42ACB04710063EFE4 /* Release */ = {
			isa = XCBuildConfiguration;
			buildSettings = {
				ASSETCATALOG_COMPILER_APPICON_NAME = AppIcon;
				ASSETCATALOG_COMPILER_GLOBAL_ACCENT_COLOR_NAME = AccentColor;
				CODE_SIGN_ENTITLEMENTS = study_word/study_word.entitlements;
				CODE_SIGN_STYLE = Automatic;
				COMBINE_HIDPI_IMAGES = YES;
				CURRENT_PROJECT_VERSION = 1;
				DEVELOPMENT_ASSET_PATHS = "\"study_word/Preview Content\"";
				ENABLE_PREVIEWS = YES;
				GENERATE_INFOPLIST_FILE = YES;
				INFOPLIST_KEY_NSHumanReadableCopyright = "";
				LD_RUNPATH_SEARCH_PATHS = (
					"$(inherited)",
					"@executable_path/../Frameworks",
				);
				MACOSX_DEPLOYMENT_TARGET = 14.0;
				MARKETING_VERSION = 1.0;
				PRODUCT_BUNDLE_IDENTIFIER = "CheerJia.study-word";
				PRODUCT_NAME = "$(TARGET_NAME)";
				SWIFT_EMIT_LOC_STRINGS = YES;
				SWIFT_VERSION = 5.0;
			};
			name = Release;
		};
/* End XCBuildConfiguration section */

/* Begin XCConfigurationList section */
		2BFDC38E2ACB04700063EFE4 /* Build configuration list for PBXProject "study_word" */ = {
			isa = XCConfigurationList;
			buildConfigurations = (
				2BFDC3A02ACB04710063EFE4 /* Debug */,
				2BFDC3A12ACB04710063EFE4 /* Release */,
			);
			defaultConfigurationIsVisible = 0;
			defaultConfigurationName = Release;
		};
		2BFDC3A22ACB04710063EFE4 /* Build configuration list for PBXNativeTarget "study_word" */ = {
			isa = XCConfigurationList;
			buildConfigurations = (
				2BFDC3A32ACB04710063EFE4 /* Debug */,
				2BFDC3A42ACB04710063EFE4 /* Release */,
			);
			defaultConfigurationIsVisible = 0;
			defaultConfigurationName = Release;
		};
/* End XCConfigurationList section */
	};
	rootObject = 2BFDC38B2ACB04700063EFE4 /* Project object */;
}
